
Microsoft Visual Studio Solution File, Format Version 12.00
# Visual Studio 15
VisualStudioVersion = 15.0.28307.960
MinimumVisualStudioVersion = 10.0.40219.1
Project("{2150E333-8FDC-42A3-9474-1A3956D46DE8}") = "1-Presentation Layer", "1-Presentation Layer", "{F1294FBC-7FFA-4A8D-A7BF-B379C6FBD9D6}"
EndProject
Project("{2150E333-8FDC-42A3-9474-1A3956D46DE8}") = "2-Repository Layer", "2-Repository Layer", "{ECFD0E47-B4EB-435C-8DFA-880157228579}"
EndProject
Project("{FAE04EC0-301F-11D3-BF4B-00C04F79EFBC}") = "Projeto.Presentation", "Projeto.Presentation\Projeto.Presentation.csproj", "{416D0518-7B54-462D-8563-42F05171F220}"
EndProject
Project("{FAE04EC0-301F-11D3-BF4B-00C04F79EFBC}") = "Projeto.Data", "Projeto.Data\Projeto.Data.csproj", "{7CE6890E-2003-4C63-B5D1-DC8B15DA591C}"
EndProject
Global
	GlobalSection(SolutionConfigurationPlatforms) = preSolution
		Debug|Any CPU = Debug|Any CPU
		Release|Any CPU = Release|Any CPU
	EndGlobalSection
	GlobalSection(ProjectConfigurationPlatforms) = postSolution
		{416D0518-7B54-462D-8563-42F05171F220}.Debug|Any CPU.ActiveCfg = Debug|Any CPU
		{416D0518-7B54-462D-8563-42F05171F220}.Debug|Any CPU.Build.0 = Debug|Any CPU
		{416D0518-7B54-462D-8563-42F05171F220}.Release|Any CPU.ActiveCfg = Release|Any CPU
		{416D0518-7B54-462D-8563-42F05171F220}.Release|Any CPU.Build.0 = Release|Any CPU
		{7CE6890E-2003-4C63-B5D1-DC8B15DA591C}.Debug|Any CPU.ActiveCfg = Debug|Any CPU
		{7CE6890E-2003-4C63-B5D1-DC8B15DA591C}.Debug|Any CPU.Build.0 = Debug|Any CPU
		{7CE6890E-2003-4C63-B5D1-DC8B15DA591C}.Release|Any CPU.ActiveCfg = Release|Any CPU
		{7CE6890E-2003-4C63-B5D1-DC8B15DA591C}.Release|Any CPU.Build.0 = Release|Any CPU
	EndGlobalSection
	GlobalSection(SolutionProperties) = preSolution
		HideSolutionNode = FALSE
	EndGlobalSection
	GlobalSection(NestedProjects) = preSolution
		{416D0518-7B54-462D-8563-42F05171F220} = {F1294FBC-7FFA-4A8D-A7BF-B379C6FBD9D6}
		{7CE6890E-2003-4C63-B5D1-DC8B15DA591C} = {ECFD0E47-B4EB-435C-8DFA-880157228579}
	EndGlobalSection
	GlobalSection(ExtensibilityGlobals) = postSolution
		SolutionGuid = {C73CA2A5-531E-4E61-86F4-1B479103FB94}
	EndGlobalSection
EndGlobal
